
Microsoft Visual Studio Solution File, Format Version 12.00
# Visual Studio Version 16
VisualStudioVersion = 16.0.30406.217
MinimumVisualStudioVersion = 10.0.40219.1
Project("{FAE04EC0-301F-11D3-BF4B-00C04F79EFBC}") = "Vista", "Vista\Vista.csproj", "{2528B5B7-E802-4256-A286-965E26C7AD29}"
EndProject
Project("{FAE04EC0-301F-11D3-BF4B-00C04F79EFBC}") = "Controlador", "Controlador\Controlador.csproj", "{F2BA896B-29C1-4846-9A81-25CE4633D26B}"
EndProject
Project("{FAE04EC0-301F-11D3-BF4B-00C04F79EFBC}") = "Modelo", "Modelo\Modelo.csproj", "{FE844698-F19A-41B8-BC57-5E071B9FBFCC}"
EndProject
Global
	GlobalSection(SolutionConfigurationPlatforms) = preSolution
		Debug|Any CPU = Debug|Any CPU
		Release|Any CPU = Release|Any CPU
	EndGlobalSection
	GlobalSection(ProjectConfigurationPlatforms) = postSolution
		{2528B5B7-E802-4256-A286-965E26C7AD29}.Debug|Any CPU.ActiveCfg = Debug|Any CPU
		{2528B5B7-E802-4256-A286-965E26C7AD29}.Debug|Any CPU.Build.0 = Debug|Any CPU
		{2528B5B7-E802-4256-A286-965E26C7AD29}.Release|Any CPU.ActiveCfg = Release|Any CPU
		{2528B5B7-E802-4256-A286-965E26C7AD29}.Release|Any CPU.Build.0 = Release|Any CPU
		{F2BA896B-29C1-4846-9A81-25CE4633D26B}.Debug|Any CPU.ActiveCfg = Debug|Any CPU
		{F2BA896B-29C1-4846-9A81-25CE4633D26B}.Debug|Any CPU.Build.0 = Debug|Any CPU
		{F2BA896B-29C1-4846-9A81-25CE4633D26B}.Release|Any CPU.ActiveCfg = Release|Any CPU
		{F2BA896B-29C1-4846-9A81-25CE4633D26B}.Release|Any CPU.Build.0 = Release|Any CPU
		{FE844698-F19A-41B8-BC57-5E071B9FBFCC}.Debug|Any CPU.ActiveCfg = Debug|Any CPU
		{FE844698-F19A-41B8-BC57-5E071B9FBFCC}.Debug|Any CPU.Build.0 = Debug|Any CPU
		{FE844698-F19A-41B8-BC57-5E071B9FBFCC}.Release|Any CPU.ActiveCfg = Release|Any CPU
		{FE844698-F19A-41B8-BC57-5E071B9FBFCC}.Release|Any CPU.Build.0 = Release|Any CPU
	EndGlobalSection
	GlobalSection(SolutionProperties) = preSolution
		HideSolutionNode = FALSE
	EndGlobalSection
	GlobalSection(ExtensibilityGlobals) = postSolution
		SolutionGuid = {93A0ED28-67E2-46F0-8734-4458811FC4F0}
	EndGlobalSection
EndGlobal
