
Microsoft Visual Studio Solution File, Format Version 12.00
# Visual Studio Version 16
VisualStudioVersion = 16.0.30406.217
MinimumVisualStudioVersion = 10.0.40219.1
Project("{FAE04EC0-301F-11D3-BF4B-00C04F79EFBC}") = "Prueba", "Prueba\Prueba.csproj", "{321F23E1-7184-4C9E-9915-470F33C561B1}"
EndProject
Global
	GlobalSection(SolutionConfigurationPlatforms) = preSolution
		Debug|Any CPU = Debug|Any CPU
		Release|Any CPU = Release|Any CPU
	EndGlobalSection
	GlobalSection(ProjectConfigurationPlatforms) = postSolution
		{321F23E1-7184-4C9E-9915-470F33C561B1}.Debug|Any CPU.ActiveCfg = Debug|Any CPU
		{321F23E1-7184-4C9E-9915-470F33C561B1}.Debug|Any CPU.Build.0 = Debug|Any CPU
		{321F23E1-7184-4C9E-9915-470F33C561B1}.Release|Any CPU.ActiveCfg = Release|Any CPU
		{321F23E1-7184-4C9E-9915-470F33C561B1}.Release|Any CPU.Build.0 = Release|Any CPU
	EndGlobalSection
	GlobalSection(SolutionProperties) = preSolution
		HideSolutionNode = FALSE
	EndGlobalSection
	GlobalSection(ExtensibilityGlobals) = postSolution
		SolutionGuid = {46AEA053-DE37-4249-A1A6-27D92AB816B4}
	EndGlobalSection
EndGlobal
